
Microsoft Visual Studio Solution File, Format Version 12.00
# Visual Studio Version 16
VisualStudioVersion = 16.0.33130.400
MinimumVisualStudioVersion = 10.0.40219.1
Project("{FAE04EC0-301F-11D3-BF4B-00C04F79EFBC}") = "Zad.WEB_1", "Zad.WEB_1.csproj", "{9EC6B165-D900-48E4-A2ED-F61E0D7A87E9}"
EndProject
Global
	GlobalSection(SolutionConfigurationPlatforms) = preSolution
		Debug|Any CPU = Debug|Any CPU
		Release|Any CPU = Release|Any CPU
	EndGlobalSection
	GlobalSection(ProjectConfigurationPlatforms) = postSolution
		{9EC6B165-D900-48E4-A2ED-F61E0D7A87E9}.Debug|Any CPU.ActiveCfg = Debug|Any CPU
		{9EC6B165-D900-48E4-A2ED-F61E0D7A87E9}.Debug|Any CPU.Build.0 = Debug|Any CPU
		{9EC6B165-D900-48E4-A2ED-F61E0D7A87E9}.Release|Any CPU.ActiveCfg = Release|Any CPU
		{9EC6B165-D900-48E4-A2ED-F61E0D7A87E9}.Release|Any CPU.Build.0 = Release|Any CPU
	EndGlobalSection
	GlobalSection(SolutionProperties) = preSolution
		HideSolutionNode = FALSE
	EndGlobalSection
	GlobalSection(ExtensibilityGlobals) = postSolution
		SolutionGuid = {BF6E1D91-04EF-4B12-8D6E-472F1DD4F1D9}
	EndGlobalSection
EndGlobal
